PODS:
  - lottie-ios (3.1.6)
  - Preferences (0.2.1)
  - SwiftLog (1.0.0)

DEPENDENCIES:
  - lottie-ios
  - Preferences
  - SwiftLog

SPEC REPOS:
  https://github.com/CocoaPods/Specs.git:
    - Preferences
    - SwiftLog
  trunk:
    - lottie-ios

SPEC CHECKSUMS:
  lottie-ios: 85ce835dd8c53e02509f20729fc7d6a4e6645a0a
  Preferences: 5543bfd757a2485a310683da977d661c0ae509a9
  SwiftLog: f6c4f9a4ade06263555ab34b2c0f72025ffcda9e

PODFILE CHECKSUM: f7e69b945d0d1f2af4ab0260d64bdabf17795e07

COCOAPODS: 1.9.1
